
Microsoft Visual Studio Solution File, Format Version 12.00
# Visual Studio Version 17
VisualStudioVersion = 17.4.33103.184
MinimumVisualStudioVersion = 10.0.40219.1
Project("{FAE04EC0-301F-11D3-BF4B-00C04F79EFBC}") = "LinkedList", "LinkedList\LinkedList.csproj", "{599F29FB-E89E-4BBD-904A-1EEE25845292}"
EndProject
Global
	GlobalSection(SolutionConfigurationPlatforms) = preSolution
		Debug|Any CPU = Debug|Any CPU
		Release|Any CPU = Release|Any CPU
	EndGlobalSection
	GlobalSection(ProjectConfigurationPlatforms) = postSolution
		{599F29FB-E89E-4BBD-904A-1EEE25845292}.Debug|Any CPU.ActiveCfg = Debug|Any CPU
		{599F29FB-E89E-4BBD-904A-1EEE25845292}.Debug|Any CPU.Build.0 = Debug|Any CPU
		{599F29FB-E89E-4BBD-904A-1EEE25845292}.Release|Any CPU.ActiveCfg = Release|Any CPU
		{599F29FB-E89E-4BBD-904A-1EEE25845292}.Release|Any CPU.Build.0 = Release|Any CPU
	EndGlobalSection
	GlobalSection(SolutionProperties) = preSolution
		HideSolutionNode = FALSE
	EndGlobalSection
	GlobalSection(ExtensibilityGlobals) = postSolution
		SolutionGuid = {81D2FD41-6E40-497F-BFBA-6DF97D9617DC}
	EndGlobalSection
EndGlobal
